{
  "name": "monorepo-deps-checker-cli",
  "version": "0.0.1",
  "lockfileVersion": 1,
  "requires": true,
  "dependencies": {
    "cli-list-select": {
      "version": "0.0.4",
      "resolved": "https://registry.npmjs.org/cli-list-select/-/cli-list-select-0.0.4.tgz",
      "integrity": "sha512-WxgwvzD5b+IpoeCjFMD8XkD738BInA0dNKAKBcgCDAM3iqwizM5R1uP7nyZev3Ymokzjtnubf3Nddr/tYoU8oA=="
    },
    "monorepo-deps-checker": {
      "version": "0.0.4",
      "resolved": "https://registry.npmjs.org/monorepo-deps-checker/-/monorepo-deps-checker-0.0.4.tgz",
      "integrity": "sha512-EFsMfGOSimpJ3vAmB5t/lNeWlPNHopOwKIBLGqZ7wesDf8BE9ho6ioz9Z0l6ov940NYPGiCFRfmNmnYEVn1nNg=="
    }
  }
}
