{
  "name": "monorepo-deps-checker-cli",
  "version": "0.0.1",
  "lockfileVersion": 1,
  "requires": true,
  "dependencies": {
    "monorepo-deps-checker": {
      "version": "0.0.2",
      "resolved": "https://registry.npmjs.org/monorepo-deps-checker/-/monorepo-deps-checker-0.0.2.tgz",
      "integrity": "sha512-X56HBLnGPR69f8OkbsPfG+GqoF/j9XHWs79CT78sLw0XbabrtgqBi+3lEqeoaNKJotpbSAFoZ8ktssLPdKTVig=="
    }
  }
}
