{
  "name": "monorepo-deps-checker-cli",
  "version": "0.0.1",
  "lockfileVersion": 1,
  "requires": true,
  "dependencies": {
    "cli-list-select": {
      "version": "0.0.3",
      "resolved": "https://registry.npmjs.org/cli-list-select/-/cli-list-select-0.0.3.tgz",
      "integrity": "sha512-j5TgBqBwfHtryeqDbAYBCojyG1QiO2XgTzXWqHi+dsKgGMtXocFyREuq05nu8SoXETais6nTM5EAOVZBUIhRmA=="
    },
    "monorepo-deps-checker": {
      "version": "0.0.3",
      "resolved": "https://registry.npmjs.org/monorepo-deps-checker/-/monorepo-deps-checker-0.0.3.tgz",
      "integrity": "sha512-qRJ0RjuQuc9eMIowI3W4QdWjKRgC7UXe5jmNN124Crw1KP210z+WmHX7j0V87J9cmr6bmMI87HxIbsySctIyWw=="
    }
  }
}
